
Microsoft Visual Studio Solution File, Format Version 12.00
# Visual Studio 2013
VisualStudioVersion = 12.0.30723.0
MinimumVisualStudioVersion = 10.0.40219.1
Project("{8BC9CEB8-8B4A-11D0-8D11-00A0C91BC942}") = "image-processing", "image-processing\image-processing.vcxproj", "{82106581-9886-4878-ADCB-AC3E58BA2D7B}"
EndProject
Project("{2150E333-8FDC-42A3-9474-1A3956D46DE8}") = "Solution Items", "Solution Items", "{F5585A32-353C-4730-B7EC-E2ED7D3C1F65}"
	ProjectSection(SolutionItems) = preProject
		Performance1.psess = Performance1.psess
	EndProjectSection
EndProject
Global
	GlobalSection(SolutionConfigurationPlatforms) = preSolution
		Debug Thomas|Win32 = Debug Thomas|Win32
		Debug|Win32 = Debug|Win32
		DebugConnTest|Win32 = DebugConnTest|Win32
		DebugStandalone|Win32 = DebugStandalone|Win32
		Release|Win32 = Release|Win32
	EndGlobalSection
	GlobalSection(ProjectConfigurationPlatforms) = postSolution
		{82106581-9886-4878-ADCB-AC3E58BA2D7B}.Debug Thomas|Win32.ActiveCfg = Debug Thomas|Win32
		{82106581-9886-4878-ADCB-AC3E58BA2D7B}.Debug Thomas|Win32.Build.0 = Debug Thomas|Win32
		{82106581-9886-4878-ADCB-AC3E58BA2D7B}.Debug|Win32.ActiveCfg = Debug|Win32
		{82106581-9886-4878-ADCB-AC3E58BA2D7B}.Debug|Win32.Build.0 = Debug|Win32
		{82106581-9886-4878-ADCB-AC3E58BA2D7B}.DebugConnTest|Win32.ActiveCfg = DebugConnTest|Win32
		{82106581-9886-4878-ADCB-AC3E58BA2D7B}.DebugConnTest|Win32.Build.0 = DebugConnTest|Win32
		{82106581-9886-4878-ADCB-AC3E58BA2D7B}.DebugStandalone|Win32.ActiveCfg = DebugStandalone|Win32
		{82106581-9886-4878-ADCB-AC3E58BA2D7B}.DebugStandalone|Win32.Build.0 = DebugStandalone|Win32
		{82106581-9886-4878-ADCB-AC3E58BA2D7B}.Release|Win32.ActiveCfg = Release|Win32
		{82106581-9886-4878-ADCB-AC3E58BA2D7B}.Release|Win32.Build.0 = Release|Win32
	EndGlobalSection
	GlobalSection(SolutionProperties) = preSolution
		HideSolutionNode = FALSE
	EndGlobalSection
EndGlobal
