
Microsoft Visual Studio Solution File, Format Version 12.00
# Visual Studio 2013
VisualStudioVersion = 12.0.21005.1
MinimumVisualStudioVersion = 10.0.40219.1
Project("{8BC9CEB8-8B4A-11D0-8D11-00A0C91BC942}") = "image-processing", "image-processing\image-processing.vcxproj", "{82106581-9886-4878-ADCB-AC3E58BA2D7B}"
EndProject
Global
	GlobalSection(SolutionConfigurationPlatforms) = preSolution
		Debug Thomas|Win32 = Debug Thomas|Win32
		Debug|Win32 = Debug|Win32
		DebugStandalone|Win32 = DebugStandalone|Win32
		Release|Win32 = Release|Win32
	EndGlobalSection
	GlobalSection(ProjectConfigurationPlatforms) = postSolution
		{82106581-9886-4878-ADCB-AC3E58BA2D7B}.Debug Thomas|Win32.ActiveCfg = Debug Thomas|Win32
		{82106581-9886-4878-ADCB-AC3E58BA2D7B}.Debug Thomas|Win32.Build.0 = Debug Thomas|Win32
		{82106581-9886-4878-ADCB-AC3E58BA2D7B}.Debug|Win32.ActiveCfg = Debug|Win32
		{82106581-9886-4878-ADCB-AC3E58BA2D7B}.Debug|Win32.Build.0 = Debug|Win32
		{82106581-9886-4878-ADCB-AC3E58BA2D7B}.DebugStandalone|Win32.ActiveCfg = DebugStandalone|Win32
		{82106581-9886-4878-ADCB-AC3E58BA2D7B}.DebugStandalone|Win32.Build.0 = DebugStandalone|Win32
		{82106581-9886-4878-ADCB-AC3E58BA2D7B}.Release|Win32.ActiveCfg = Release|Win32
		{82106581-9886-4878-ADCB-AC3E58BA2D7B}.Release|Win32.Build.0 = Release|Win32
	EndGlobalSection
	GlobalSection(SolutionProperties) = preSolution
		HideSolutionNode = FALSE
	EndGlobalSection
EndGlobal
