<?xml version="1.0" encoding="utf-8"?>
<Project ToolsVersion="4.0" xmlns="http://schemas.microsoft.com/developer/msbuild/2003">
  <ItemGroup>
    <Filter Include="Quelldateien">
      <UniqueIdentifier>{4FC737F1-C7A5-4376-A066-2A32D752A2FF}</UniqueIdentifier>
      <Extensions>cpp;c;cc;cxx;def;odl;idl;hpj;bat;asm;asmx</Extensions>
    </Filter>
    <Filter Include="Headerdateien">
      <UniqueIdentifier>{93995380-89BD-4b04-88EB-625FBE52EBFB}</UniqueIdentifier>
      <Extensions>h;hh;hpp;hxx;hm;inl;inc;xsd</Extensions>
    </Filter>
    <Filter Include="Ressourcendateien">
      <UniqueIdentifier>{67DA6AB6-F800-4c08-8B7A-83BB121AAD01}</UniqueIdentifier>
      <Extensions>rc;ico;cur;bmp;dlg;rc2;rct;bin;rgs;gif;jpg;jpeg;jpe;resx;tiff;tif;png;wav;mfcribbon-ms</Extensions>
    </Filter>
  </ItemGroup>
  <ItemGroup>
    <ClCompile Include="main.cpp">
      <Filter>Quelldateien</Filter>
    </ClCompile>
    <ClCompile Include="controller\ImageProcessingController.cpp">
      <Filter>Quelldateien</Filter>
    </ClCompile>
    <ClCompile Include="services\ObjectDetectionService.cpp">
      <Filter>Quelldateien</Filter>
    </ClCompile>
    <ClCompile Include="controller\WebSocketController.cpp">
      <Filter>Quelldateien</Filter>
    </ClCompile>
    <ClCompile Include="controller\VideoStreamingController.cpp">
      <Filter>Quelldateien</Filter>
    </ClCompile>
    <ClCompile Include="infrastructure\networking\videostreaming\VideoStreamingServer.cpp">
      <Filter>Quelldateien</Filter>
    </ClCompile>
    <ClCompile Include="infrastructure\networking\videostreaming\VideoStreamingRequestHandlerFactory.cpp">
      <Filter>Quelldateien</Filter>
    </ClCompile>
    <ClCompile Include="infrastructure\networking\videostreaming\handler\VideoStreamingRequestHandler.cpp">
      <Filter>Quelldateien</Filter>
    </ClCompile>
    <ClCompile Include="infrastructure\networking\videostreaming\handler\InvalidUriRequestHandler.cpp">
      <Filter>Quelldateien</Filter>
    </ClCompile>
    <ClCompile Include="infrastructure\networking\websockets\client\WebSocketClient.cpp">
      <Filter>Quelldateien</Filter>
    </ClCompile>
    <ClCompile Include="ThomasTestMethod.h">
      <Filter>Quelldateien</Filter>
    </ClCompile>
    <ClCompile Include="infrastructure\networking\websockets\client\WebSocketClientConnectionHandler.cpp">
      <Filter>Quelldateien</Filter>
    </ClCompile>
    <ClCompile Include="services\simulation\ShotSimulationService.cpp">
      <Filter>Quelldateien</Filter>
    </ClCompile>
    <ClCompile Include="services\webcam\WebcamService.cpp">
      <Filter>Quelldateien</Filter>
    </ClCompile>
    <ClCompile Include="shared\notifications\MessageNotification.cpp">
      <Filter>Quelldateien</Filter>
    </ClCompile>
    <ClCompile Include="shared\notifications\PlayerHitNotification.cpp">
      <Filter>Quelldateien</Filter>
    </ClCompile>
    <ClCompile Include="shared\model\message\Message.cpp">
      <Filter>Quelldateien</Filter>
    </ClCompile>
    <ClCompile Include="shared\model\message\MessageHeaders.cpp">
      <Filter>Quelldateien</Filter>
    </ClCompile>
    <ClCompile Include="shared\model\message\MessageCommands.cpp">
      <Filter>Quelldateien</Filter>
    </ClCompile>
  </ItemGroup>
  <ItemGroup>
    <ClInclude Include="controller\ImageProcessingController.h">
      <Filter>Headerdateien</Filter>
    </ClInclude>
    <ClInclude Include="shared\observer\IObserver.h">
      <Filter>Headerdateien</Filter>
    </ClInclude>
    <ClInclude Include="shared\observer\Observable.h">
      <Filter>Headerdateien</Filter>
    </ClInclude>
    <ClInclude Include="services\ObjectDetectionService.h">
      <Filter>Headerdateien</Filter>
    </ClInclude>
    <ClInclude Include="controller\WebSocketController.h">
      <Filter>Headerdateien</Filter>
    </ClInclude>
    <ClInclude Include="controller\VideoStreamingController.h">
      <Filter>Headerdateien</Filter>
    </ClInclude>
    <ClInclude Include="infrastructure\networking\videostreaming\VideoStreamingServer.h">
      <Filter>Headerdateien</Filter>
    </ClInclude>
    <ClInclude Include="infrastructure\networking\videostreaming\VideoStreamingRequestHandlerFactory.h">
      <Filter>Headerdateien</Filter>
    </ClInclude>
    <ClInclude Include="infrastructure\networking\videostreaming\handler\VideoStreamingRequestHandler.h">
      <Filter>Headerdateien</Filter>
    </ClInclude>
    <ClInclude Include="infrastructure\networking\videostreaming\handler\InvalidUriRequestHandler.h">
      <Filter>Headerdateien</Filter>
    </ClInclude>
    <ClInclude Include="infrastructure\networking\websockets\client\WebSocketClient.h">
      <Filter>Headerdateien</Filter>
    </ClInclude>
    <ClInclude Include="infrastructure\networking\websockets\client\WebSocketClientConnectionHandler.h">
      <Filter>Headerdateien</Filter>
    </ClInclude>
    <ClInclude Include="shared\model\Shot.h">
      <Filter>Headerdateien</Filter>
    </ClInclude>
    <ClInclude Include="services\simulation\ShotSimulationService.h">
      <Filter>Headerdateien</Filter>
    </ClInclude>
    <ClInclude Include="services\webcam\WebcamService.h">
      <Filter>Headerdateien</Filter>
    </ClInclude>
    <ClInclude Include="shared\model\Player.h">
      <Filter>Headerdateien</Filter>
    </ClInclude>
    <ClInclude Include="shared\notifications\MessageNotification.h">
      <Filter>Headerdateien</Filter>
    </ClInclude>
    <ClInclude Include="shared\notifications\PlayerHitNotification.h">
      <Filter>Headerdateien</Filter>
    </ClInclude>
    <ClInclude Include="shared\model\message\Message.h">
      <Filter>Headerdateien</Filter>
    </ClInclude>
    <ClInclude Include="shared\model\message\MessageHeaders.h">
      <Filter>Headerdateien</Filter>
    </ClInclude>
    <ClInclude Include="shared\model\message\MessageCommands.h">
      <Filter>Headerdateien</Filter>
    </ClInclude>
    <ClInclude Include="shared\model\Robot.h">
      <Filter>Headerdateien</Filter>
    </ClInclude>
  </ItemGroup>
  <ItemGroup>
    <Image Include="resources\images\colored_squares.png">
      <Filter>Ressourcendateien</Filter>
    </Image>
    <Image Include="resources\images\lena.bmp">
      <Filter>Ressourcendateien</Filter>
    </Image>
    <Image Include="resources\images\gunfire_small.png">
      <Filter>Ressourcendateien</Filter>
    </Image>
    <Image Include="resources\images\explosion_robot.png">
      <Filter>Ressourcendateien</Filter>
    </Image>
    <Image Include="resources\images\explosion_wall.png">
      <Filter>Ressourcendateien</Filter>
    </Image>
    <Image Include="resources\images\cheese_small.png">
      <Filter>Ressourcendateien</Filter>
    </Image>
    <Image Include="resources\images\gunfire2_small.png">
      <Filter>Ressourcendateien</Filter>
    </Image>
  </ItemGroup>
  <ItemGroup>
    <None Include="rootcert.pem" />
  </ItemGroup>
  <ItemGroup>
    <Xml Include="image-processing.xml" />
  </ItemGroup>
</Project>