<?xml version="1.0" encoding="utf-8"?>
<Project ToolsVersion="4.0" xmlns="http://schemas.microsoft.com/developer/msbuild/2003">
  <ItemGroup>
    <Filter Include="Quelldateien">
      <UniqueIdentifier>{4FC737F1-C7A5-4376-A066-2A32D752A2FF}</UniqueIdentifier>
      <Extensions>cpp;c;cc;cxx;def;odl;idl;hpj;bat;asm;asmx</Extensions>
    </Filter>
    <Filter Include="Headerdateien">
      <UniqueIdentifier>{93995380-89BD-4b04-88EB-625FBE52EBFB}</UniqueIdentifier>
      <Extensions>h;hh;hpp;hxx;hm;inl;inc;xsd</Extensions>
    </Filter>
    <Filter Include="Ressourcendateien">
      <UniqueIdentifier>{67DA6AB6-F800-4c08-8B7A-83BB121AAD01}</UniqueIdentifier>
      <Extensions>rc;ico;cur;bmp;dlg;rc2;rct;bin;rgs;gif;jpg;jpeg;jpe;resx;tiff;tif;png;wav;mfcribbon-ms</Extensions>
    </Filter>
  </ItemGroup>
  <ItemGroup>
    <ClCompile Include="main.cpp">
      <Filter>Quelldateien</Filter>
    </ClCompile>
    <ClCompile Include="controller\ImageProcessingController.cpp">
      <Filter>Quelldateien</Filter>
    </ClCompile>
    <ClCompile Include="services\ObjectDetectionService.cpp">
      <Filter>Quelldateien</Filter>
    </ClCompile>
    <ClCompile Include="controller\WebSocketController.cpp">
      <Filter>Quelldateien</Filter>
    </ClCompile>
    <ClCompile Include="controller\VideoStreamingController.cpp">
      <Filter>Quelldateien</Filter>
    </ClCompile>
    <ClCompile Include="services\videostreaming\webcam\WebcamService.cpp">
      <Filter>Quelldateien</Filter>
    </ClCompile>
    <ClCompile Include="infrastructure\networking\videostreaming\Connection.cpp">
      <Filter>Quelldateien</Filter>
    </ClCompile>
    <ClCompile Include="infrastructure\networking\videostreaming\ConnectionManager.cpp">
      <Filter>Quelldateien</Filter>
    </ClCompile>
    <ClCompile Include="infrastructure\networking\videostreaming\VideoStreamingServer.cpp">
      <Filter>Quelldateien</Filter>
    </ClCompile>
    <ClCompile Include="infrastructure\networking\videostreaming\RequestHandler.cpp">
      <Filter>Quelldateien</Filter>
    </ClCompile>
    <ClCompile Include="infrastructure\networking\videostreaming\RequestParser.cpp">
      <Filter>Quelldateien</Filter>
    </ClCompile>
    <ClCompile Include="infrastructure\networking\videostreaming\Structs.cpp">
      <Filter>Quelldateien</Filter>
    </ClCompile>
    <ClCompile Include="infrastructure\networking\videostreaming\MimeType.cpp">
      <Filter>Quelldateien</Filter>
    </ClCompile>
  </ItemGroup>
  <ItemGroup>
    <ClInclude Include="controller\ImageProcessingController.h">
      <Filter>Headerdateien</Filter>
    </ClInclude>
    <ClInclude Include="shared\observer\IObserver.h">
      <Filter>Headerdateien</Filter>
    </ClInclude>
    <ClInclude Include="shared\observer\Observable.h">
      <Filter>Headerdateien</Filter>
    </ClInclude>
    <ClInclude Include="services\ObjectDetectionService.h">
      <Filter>Headerdateien</Filter>
    </ClInclude>
    <ClInclude Include="controller\WebSocketController.h">
      <Filter>Headerdateien</Filter>
    </ClInclude>
    <ClInclude Include="controller\VideoStreamingController.h">
      <Filter>Headerdateien</Filter>
    </ClInclude>
    <ClInclude Include="services\videostreaming\webcam\WebcamService.h">
      <Filter>Headerdateien</Filter>
    </ClInclude>
    <ClInclude Include="infrastructure\networking\videostreaming\VideoStreamingServer.h">
      <Filter>Headerdateien</Filter>
    </ClInclude>
    <ClInclude Include="infrastructure\networking\videostreaming\Connection.h">
      <Filter>Headerdateien</Filter>
    </ClInclude>
    <ClInclude Include="infrastructure\networking\videostreaming\ConnectionManager.h">
      <Filter>Headerdateien</Filter>
    </ClInclude>
    <ClInclude Include="infrastructure\networking\videostreaming\RequestHandler.h">
      <Filter>Headerdateien</Filter>
    </ClInclude>
    <ClInclude Include="infrastructure\networking\videostreaming\RequestParser.h">
      <Filter>Headerdateien</Filter>
    </ClInclude>
    <ClInclude Include="infrastructure\networking\videostreaming\Structs.h">
      <Filter>Headerdateien</Filter>
    </ClInclude>
    <ClInclude Include="infrastructure\networking\videostreaming\MimeType.h">
      <Filter>Headerdateien</Filter>
    </ClInclude>
  </ItemGroup>
  <ItemGroup>
    <Image Include="img\lena.bmp">
      <Filter>Ressourcendateien</Filter>
    </Image>
    <Image Include="img\colored_squares.png">
      <Filter>Ressourcendateien</Filter>
    </Image>
  </ItemGroup>
</Project>